// !$*UTF8*$!
{
	archiveVersion = 1;
	classes = {
	};
	objectVersion = 56;
	objects = {

/* Begin PBXBuildFile section */
		451CB1BC2BCA72FF00F04E28 /* NewScrumSheet.swift in Sources */ = {isa = PBXBuildFile; fileRef = 451CB1BB2BCA72FF00F04E28 /* NewScrumSheet.swift */; };
		451CB1BE2BCA74B100F04E28 /* EditScrumSheet.swift in Sources */ = {isa = PBXBuildFile; fileRef = 451CB1BD2BCA74B100F04E28 /* EditScrumSheet.swift */; };
		451CB1C02BCA7BAD00F04E28 /* History.swift in Sources */ = {isa = PBXBuildFile; fileRef = 451CB1BF2BCA7BAD00F04E28 /* History.swift */; };
		451CB1C22BCD71A600F04E28 /* ScrumStore.swift in Sources */ = {isa = PBXBuildFile; fileRef = 451CB1C12BCD71A600F04E28 /* ScrumStore.swift */; };
		451CB1C42BCD7E5000F04E28 /* ErrorWrapper.swift in Sources */ = {isa = PBXBuildFile; fileRef = 451CB1C32BCD7E5000F04E28 /* ErrorWrapper.swift */; };
		451CB1C62BCD7EC900F04E28 /* ErrorView.swift in Sources */ = {isa = PBXBuildFile; fileRef = 451CB1C52BCD7EC900F04E28 /* ErrorView.swift */; };
		451CB1CB2BCEFD3000F04E28 /* MeetingTimerView.swift in Sources */ = {isa = PBXBuildFile; fileRef = 451CB1CA2BCEFD3000F04E28 /* MeetingTimerView.swift */; };
		451CB1CD2BCEFFB700F04E28 /* SpeakerArc.swift in Sources */ = {isa = PBXBuildFile; fileRef = 451CB1CC2BCEFFB700F04E28 /* SpeakerArc.swift */; };
		451CB1CF2BD0423000F04E28 /* SpeechRecognizer.swift in Sources */ = {isa = PBXBuildFile; fileRef = 451CB1CE2BD0423000F04E28 /* SpeechRecognizer.swift */; };
		451CB1D12BD04E5900F04E28 /* HistoryView.swift in Sources */ = {isa = PBXBuildFile; fileRef = 451CB1D02BD04E5900F04E28 /* HistoryView.swift */; };
		452132352BBFF75D00EEC0CB /* ScurmsView.swift in Sources */ = {isa = PBXBuildFile; fileRef = 452132342BBFF75D00EEC0CB /* ScurmsView.swift */; };
		452132372BC158F500EEC0CB /* DetailView.swift in Sources */ = {isa = PBXBuildFile; fileRef = 452132362BC158F500EEC0CB /* DetailView.swift */; };
		452132392BC1668500EEC0CB /* DetailEditView.swift in Sources */ = {isa = PBXBuildFile; fileRef = 452132382BC1668500EEC0CB /* DetailEditView.swift */; };
		4521323B2BC46D5000EEC0CB /* ThemeView.swift in Sources */ = {isa = PBXBuildFile; fileRef = 4521323A2BC46D5000EEC0CB /* ThemeView.swift */; };
		4521323D2BC46F0700EEC0CB /* ThemePicker.swift in Sources */ = {isa = PBXBuildFile; fileRef = 4521323C2BC46F0700EEC0CB /* ThemePicker.swift */; };
		4521323F2BC6E5F400EEC0CB /* MeetingHeaderView.swift in Sources */ = {isa = PBXBuildFile; fileRef = 4521323E2BC6E5F400EEC0CB /* MeetingHeaderView.swift */; };
		452132422BC6E8F500EEC0CB /* ScrumProgressViewStyle.swift in Sources */ = {isa = PBXBuildFile; fileRef = 452132412BC6E8F500EEC0CB /* ScrumProgressViewStyle.swift */; };
		4556CA7C2BBEFB11009785E9 /* ScrumdingerApp.swift in Sources */ = {isa = PBXBuildFile; fileRef = 4556CA7B2BBEFB11009785E9 /* ScrumdingerApp.swift */; };
		4556CA7E2BBEFB11009785E9 /* MeetingView.swift in Sources */ = {isa = PBXBuildFile; fileRef = 4556CA7D2BBEFB11009785E9 /* MeetingView.swift */; };
		4556CA802BBEFB12009785E9 /* Assets.xcassets in Resources */ = {isa = PBXBuildFile; fileRef = 4556CA7F2BBEFB12009785E9 /* Assets.xcassets */; };
		4556CA832BBEFB12009785E9 /* Preview Assets.xcassets in Resources */ = {isa = PBXBuildFile; fileRef = 4556CA822BBEFB12009785E9 /* Preview Assets.xcassets */; };
		4556CA8E2BBFE9B6009785E9 /* Theme.swift in Sources */ = {isa = PBXBuildFile; fileRef = 4556CA8D2BBFE9B6009785E9 /* Theme.swift */; };
		4556CA902BBFEB40009785E9 /* DailyScrum.swift in Sources */ = {isa = PBXBuildFile; fileRef = 4556CA8F2BBFEB40009785E9 /* DailyScrum.swift */; };
		4556CA932BBFED11009785E9 /* CardView.swift in Sources */ = {isa = PBXBuildFile; fileRef = 4556CA922BBFED11009785E9 /* CardView.swift */; };
		45583F8F2BC6EA46000717E6 /* TrailingIconLabelStyle.swift in Sources */ = {isa = PBXBuildFile; fileRef = 45583F8E2BC6EA46000717E6 /* TrailingIconLabelStyle.swift */; };
		45583F912BC6EC04000717E6 /* ScrumTimer.swift in Sources */ = {isa = PBXBuildFile; fileRef = 45583F902BC6EC04000717E6 /* ScrumTimer.swift */; };
		45583F932BC71878000717E6 /* MeetingFooterView.swift in Sources */ = {isa = PBXBuildFile; fileRef = 45583F922BC71878000717E6 /* MeetingFooterView.swift */; };
		45583F962BC96624000717E6 /* ding.wav in Resources */ = {isa = PBXBuildFile; fileRef = 45583F942BC96624000717E6 /* ding.wav */; };
		45583F982BC9664A000717E6 /* AVPlayer+Ding.swift in Sources */ = {isa = PBXBuildFile; fileRef = 45583F972BC9664A000717E6 /* AVPlayer+Ding.swift */; };
/* End PBXBuildFile section */

/* Begin PBXFileReference section */
		451CB1BB2BCA72FF00F04E28 /* NewScrumSheet.swift */ = {isa = PBXFileReference; lastKnownFileType = sourcecode.swift; path = NewScrumSheet.swift; sourceTree = "<group>"; };
		451CB1BD2BCA74B100F04E28 /* EditScrumSheet.swift */ = {isa = PBXFileReference; lastKnownFileType = sourcecode.swift; path = EditScrumSheet.swift; sourceTree = "<group>"; };
		451CB1BF2BCA7BAD00F04E28 /* History.swift */ = {isa = PBXFileReference; lastKnownFileType = sourcecode.swift; path = History.swift; sourceTree = "<group>"; };
		451CB1C12BCD71A600F04E28 /* ScrumStore.swift */ = {isa = PBXFileReference; lastKnownFileType = sourcecode.swift; path = ScrumStore.swift; sourceTree = "<group>"; };
		451CB1C32BCD7E5000F04E28 /* ErrorWrapper.swift */ = {isa = PBXFileReference; lastKnownFileType = sourcecode.swift; path = ErrorWrapper.swift; sourceTree = "<group>"; };
		451CB1C52BCD7EC900F04E28 /* ErrorView.swift */ = {isa = PBXFileReference; lastKnownFileType = sourcecode.swift; path = ErrorView.swift; sourceTree = "<group>"; };
		451CB1CA2BCEFD3000F04E28 /* MeetingTimerView.swift */ = {isa = PBXFileReference; lastKnownFileType = sourcecode.swift; path = MeetingTimerView.swift; sourceTree = "<group>"; };
		451CB1CC2BCEFFB700F04E28 /* SpeakerArc.swift */ = {isa = PBXFileReference; lastKnownFileType = sourcecode.swift; path = SpeakerArc.swift; sourceTree = "<group>"; };
		451CB1CE2BD0423000F04E28 /* SpeechRecognizer.swift */ = {isa = PBXFileReference; lastKnownFileType = sourcecode.swift; path = SpeechRecognizer.swift; sourceTree = "<group>"; };
		451CB1D02BD04E5900F04E28 /* HistoryView.swift */ = {isa = PBXFileReference; lastKnownFileType = sourcecode.swift; path = HistoryView.swift; sourceTree = "<group>"; };
		452132342BBFF75D00EEC0CB /* ScurmsView.swift */ = {isa = PBXFileReference; lastKnownFileType = sourcecode.swift; path = ScurmsView.swift; sourceTree = "<group>"; };
		452132362BC158F500EEC0CB /* DetailView.swift */ = {isa = PBXFileReference; lastKnownFileType = sourcecode.swift; path = DetailView.swift; sourceTree = "<group>"; };
		452132382BC1668500EEC0CB /* DetailEditView.swift */ = {isa = PBXFileReference; lastKnownFileType = sourcecode.swift; path = DetailEditView.swift; sourceTree = "<group>"; };
		4521323A2BC46D5000EEC0CB /* ThemeView.swift */ = {isa = PBXFileReference; lastKnownFileType = sourcecode.swift; path = ThemeView.swift; sourceTree = "<group>"; };
		4521323C2BC46F0700EEC0CB /* ThemePicker.swift */ = {isa = PBXFileReference; lastKnownFileType = sourcecode.swift; path = ThemePicker.swift; sourceTree = "<group>"; };
		4521323E2BC6E5F400EEC0CB /* MeetingHeaderView.swift */ = {isa = PBXFileReference; lastKnownFileType = sourcecode.swift; path = MeetingHeaderView.swift; sourceTree = "<group>"; };
		452132412BC6E8F500EEC0CB /* ScrumProgressViewStyle.swift */ = {isa = PBXFileReference; lastKnownFileType = sourcecode.swift; path = ScrumProgressViewStyle.swift; sourceTree = "<group>"; };
		4556CA782BBEFB11009785E9 /* Scrumdinger.app */ = {isa = PBXFileReference; explicitFileType = wrapper.application; includeInIndex = 0; path = Scrumdinger.app; sourceTree = BUILT_PRODUCTS_DIR; };
		4556CA7B2BBEFB11009785E9 /* ScrumdingerApp.swift */ = {isa = PBXFileReference; lastKnownFileType = sourcecode.swift; path = ScrumdingerApp.swift; sourceTree = "<group>"; };
		4556CA7D2BBEFB11009785E9 /* MeetingView.swift */ = {isa = PBXFileReference; lastKnownFileType = sourcecode.swift; path = MeetingView.swift; sourceTree = "<group>"; };
		4556CA7F2BBEFB12009785E9 /* Assets.xcassets */ = {isa = PBXFileReference; lastKnownFileType = folder.assetcatalog; path = Assets.xcassets; sourceTree = "<group>"; };
		4556CA822BBEFB12009785E9 /* Preview Assets.xcassets */ = {isa = PBXFileReference; lastKnownFileType = folder.assetcatalog; path = "Preview Assets.xcassets"; sourceTree = "<group>"; };
		4556CA8D2BBFE9B6009785E9 /* Theme.swift */ = {isa = PBXFileReference; lastKnownFileType = sourcecode.swift; path = Theme.swift; sourceTree = "<group>"; };
		4556CA8F2BBFEB40009785E9 /* DailyScrum.swift */ = {isa = PBXFileReference; lastKnownFileType = sourcecode.swift; path = DailyScrum.swift; sourceTree = "<group>"; };
		4556CA922BBFED11009785E9 /* CardView.swift */ = {isa = PBXFileReference; lastKnownFileType = sourcecode.swift; path = CardView.swift; sourceTree = "<group>"; };
		45583F8E2BC6EA46000717E6 /* TrailingIconLabelStyle.swift */ = {isa = PBXFileReference; fileEncoding = 4; lastKnownFileType = sourcecode.swift; path = TrailingIconLabelStyle.swift; sourceTree = "<group>"; };
		45583F902BC6EC04000717E6 /* ScrumTimer.swift */ = {isa = PBXFileReference; lastKnownFileType = sourcecode.swift; path = ScrumTimer.swift; sourceTree = "<group>"; };
		45583F922BC71878000717E6 /* MeetingFooterView.swift */ = {isa = PBXFileReference; lastKnownFileType = sourcecode.swift; path = MeetingFooterView.swift; sourceTree = "<group>"; };
		45583F942BC96624000717E6 /* ding.wav */ = {isa = PBXFileReference; lastKnownFileType = audio.wav; path = ding.wav; sourceTree = "<group>"; };
		45583F972BC9664A000717E6 /* AVPlayer+Ding.swift */ = {isa = PBXFileReference; lastKnownFileType = sourcecode.swift; path = "AVPlayer+Ding.swift"; sourceTree = "<group>"; };
/* End PBXFileReference section */

/* Begin PBXFrameworksBuildPhase section */
		4556CA752BBEFB11009785E9 /* Frameworks */ = {
			isa = PBXFrameworksBuildPhase;
			buildActionMask = 2147483647;
			files = (
			);
			runOnlyForDeploymentPostprocessing = 0;
		};
/* End PBXFrameworksBuildPhase section */

/* Begin PBXGroup section */
		451CB1C72BCEFCEA00F04E28 /* MeetingView */ = {
			isa = PBXGroup;
			children = (
				4556CA7D2BBEFB11009785E9 /* MeetingView.swift */,
				4521323E2BC6E5F400EEC0CB /* MeetingHeaderView.swift */,
				451CB1CA2BCEFD3000F04E28 /* MeetingTimerView.swift */,
				45583F922BC71878000717E6 /* MeetingFooterView.swift */,
				451CB1CC2BCEFFB700F04E28 /* SpeakerArc.swift */,
			);
			path = MeetingView;
			sourceTree = "<group>";
		};
		451CB1C82BCEFCFD00F04E28 /* Theme */ = {
			isa = PBXGroup;
			children = (
				4521323A2BC46D5000EEC0CB /* ThemeView.swift */,
				4521323C2BC46F0700EEC0CB /* ThemePicker.swift */,
			);
			path = Theme;
			sourceTree = "<group>";
		};
		451CB1C92BCEFD1000F04E28 /* Scrum View */ = {
			isa = PBXGroup;
			children = (
				4556CA922BBFED11009785E9 /* CardView.swift */,
				452132342BBFF75D00EEC0CB /* ScurmsView.swift */,
				451CB1BB2BCA72FF00F04E28 /* NewScrumSheet.swift */,
				452132362BC158F500EEC0CB /* DetailView.swift */,
				451CB1BD2BCA74B100F04E28 /* EditScrumSheet.swift */,
				452132382BC1668500EEC0CB /* DetailEditView.swift */,
				451CB1D02BD04E5900F04E28 /* HistoryView.swift */,
			);
			path = "Scrum View";
			sourceTree = "<group>";
		};
		452132402BC6E8C700EEC0CB /* Styles */ = {
			isa = PBXGroup;
			children = (
				452132412BC6E8F500EEC0CB /* ScrumProgressViewStyle.swift */,
				45583F8E2BC6EA46000717E6 /* TrailingIconLabelStyle.swift */,
			);
			path = Styles;
			sourceTree = "<group>";
		};
		4556CA6F2BBEFB11009785E9 = {
			isa = PBXGroup;
			children = (
				4556CA7A2BBEFB11009785E9 /* Scrumdinger */,
				4556CA792BBEFB11009785E9 /* Products */,
			);
			sourceTree = "<group>";
		};
		4556CA792BBEFB11009785E9 /* Products */ = {
			isa = PBXGroup;
			children = (
				4556CA782BBEFB11009785E9 /* Scrumdinger.app */,
			);
			name = Products;
			sourceTree = "<group>";
		};
		4556CA7A2BBEFB11009785E9 /* Scrumdinger */ = {
			isa = PBXGroup;
			children = (
				4556CA7B2BBEFB11009785E9 /* ScrumdingerApp.swift */,
				452132402BC6E8C700EEC0CB /* Styles */,
				4556CA8C2BBFE99C009785E9 /* Models */,
				4556CA912BBFECFE009785E9 /* Views */,
				4556CA7F2BBEFB12009785E9 /* Assets.xcassets */,
				45583F952BC96624000717E6 /* Resources */,
				4556CA812BBEFB12009785E9 /* Preview Content */,
			);
			path = Scrumdinger;
			sourceTree = "<group>";
		};
		4556CA812BBEFB12009785E9 /* Preview Content */ = {
			isa = PBXGroup;
			children = (
				4556CA822BBEFB12009785E9 /* Preview Assets.xcassets */,
			);
			path = "Preview Content";
			sourceTree = "<group>";
		};
		4556CA8C2BBFE99C009785E9 /* Models */ = {
			isa = PBXGroup;
			children = (
				4556CA8F2BBFEB40009785E9 /* DailyScrum.swift */,
				4556CA8D2BBFE9B6009785E9 /* Theme.swift */,
				451CB1BF2BCA7BAD00F04E28 /* History.swift */,
				45583F902BC6EC04000717E6 /* ScrumTimer.swift */,
				451CB1C12BCD71A600F04E28 /* ScrumStore.swift */,
				45583F972BC9664A000717E6 /* AVPlayer+Ding.swift */,
				451CB1C32BCD7E5000F04E28 /* ErrorWrapper.swift */,
				451CB1CE2BD0423000F04E28 /* SpeechRecognizer.swift */,
			);
			path = Models;
			sourceTree = "<group>";
		};
		4556CA912BBFECFE009785E9 /* Views */ = {
			isa = PBXGroup;
			children = (
				451CB1C92BCEFD1000F04E28 /* Scrum View */,
				451CB1C72BCEFCEA00F04E28 /* MeetingView */,
				451CB1C82BCEFCFD00F04E28 /* Theme */,
				451CB1C52BCD7EC900F04E28 /* ErrorView.swift */,
			);
			path = Views;
			sourceTree = "<group>";
		};
		45583F952BC96624000717E6 /* Resources */ = {
			isa = PBXGroup;
			children = (
				45583F942BC96624000717E6 /* ding.wav */,
			);
			path = Resources;
			sourceTree = "<group>";
		};
/* End PBXGroup section */

/* Begin PBXNativeTarget section */
		4556CA772BBEFB11009785E9 /* Scrumdinger */ = {
			isa = PBXNativeTarget;
			buildConfigurationList = 4556CA862BBEFB12009785E9 /* Build configuration list for PBXNativeTarget "Scrumdinger" */;
			buildPhases = (
				4556CA742BBEFB11009785E9 /* Sources */,
				4556CA752BBEFB11009785E9 /* Frameworks */,
				4556CA762BBEFB11009785E9 /* Resources */,
			);
			buildRules = (
			);
			dependencies = (
			);
			name = Scrumdinger;
			productName = Scrumdinger;
			productReference = 4556CA782BBEFB11009785E9 /* Scrumdinger.app */;
			productType = "com.apple.product-type.application";
		};
/* End PBXNativeTarget section */

/* Begin PBXProject section */
		4556CA702BBEFB11009785E9 /* Project object */ = {
			isa = PBXProject;
			attributes = {
				BuildIndependentTargetsInParallel = 1;
				LastSwiftUpdateCheck = 1530;
				LastUpgradeCheck = 1530;
				TargetAttributes = {
					4556CA772BBEFB11009785E9 = {
						CreatedOnToolsVersion = 15.3;
					};
				};
			};
			buildConfigurationList = 4556CA732BBEFB11009785E9 /* Build configuration list for PBXProject "Scrumdinger" */;
			compatibilityVersion = "Xcode 14.0";
			developmentRegion = en;
			hasScannedForEncodings = 0;
			knownRegions = (
				en,
				Base,
			);
			mainGroup = 4556CA6F2BBEFB11009785E9;
			productRefGroup = 4556CA792BBEFB11009785E9 /* Products */;
			projectDirPath = "";
			projectRoot = "";
			targets = (
				4556CA772BBEFB11009785E9 /* Scrumdinger */,
			);
		};
/* End PBXProject section */

/* Begin PBXResourcesBuildPhase section */
		4556CA762BBEFB11009785E9 /* Resources */ = {
			isa = PBXResourcesBuildPhase;
			buildActionMask = 2147483647;
			files = (
				45583F962BC96624000717E6 /* ding.wav in Resources */,
				4556CA832BBEFB12009785E9 /* Preview Assets.xcassets in Resources */,
				4556CA802BBEFB12009785E9 /* Assets.xcassets in Resources */,
			);
			runOnlyForDeploymentPostprocessing = 0;
		};
/* End PBXResourcesBuildPhase section */

/* Begin PBXSourcesBuildPhase section */
		4556CA742BBEFB11009785E9 /* Sources */ = {
			isa = PBXSourcesBuildPhase;
			buildActionMask = 2147483647;
			files = (
				4521323D2BC46F0700EEC0CB /* ThemePicker.swift in Sources */,
				452132422BC6E8F500EEC0CB /* ScrumProgressViewStyle.swift in Sources */,
				451CB1C22BCD71A600F04E28 /* ScrumStore.swift in Sources */,
				451CB1C02BCA7BAD00F04E28 /* History.swift in Sources */,
				45583F932BC71878000717E6 /* MeetingFooterView.swift in Sources */,
				45583F912BC6EC04000717E6 /* ScrumTimer.swift in Sources */,
				4556CA902BBFEB40009785E9 /* DailyScrum.swift in Sources */,
				452132372BC158F500EEC0CB /* DetailView.swift in Sources */,
				4521323F2BC6E5F400EEC0CB /* MeetingHeaderView.swift in Sources */,
				452132392BC1668500EEC0CB /* DetailEditView.swift in Sources */,
				451CB1CF2BD0423000F04E28 /* SpeechRecognizer.swift in Sources */,
				451CB1BE2BCA74B100F04E28 /* EditScrumSheet.swift in Sources */,
				451CB1BC2BCA72FF00F04E28 /* NewScrumSheet.swift in Sources */,
				451CB1CD2BCEFFB700F04E28 /* SpeakerArc.swift in Sources */,
				4556CA8E2BBFE9B6009785E9 /* Theme.swift in Sources */,
				452132352BBFF75D00EEC0CB /* ScurmsView.swift in Sources */,
				451CB1CB2BCEFD3000F04E28 /* MeetingTimerView.swift in Sources */,
				451CB1D12BD04E5900F04E28 /* HistoryView.swift in Sources */,
				45583F8F2BC6EA46000717E6 /* TrailingIconLabelStyle.swift in Sources */,
				451CB1C42BCD7E5000F04E28 /* ErrorWrapper.swift in Sources */,
				4556CA7E2BBEFB11009785E9 /* MeetingView.swift in Sources */,
				4556CA7C2BBEFB11009785E9 /* ScrumdingerApp.swift in Sources */,
				4521323B2BC46D5000EEC0CB /* ThemeView.swift in Sources */,
				4556CA932BBFED11009785E9 /* CardView.swift in Sources */,
				45583F982BC9664A000717E6 /* AVPlayer+Ding.swift in Sources */,
				451CB1C62BCD7EC900F04E28 /* ErrorView.swift in Sources */,
			);
			runOnlyForDeploymentPostprocessing = 0;
		};
/* End PBXSourcesBuildPhase section */

/* Begin XCBuildConfiguration section */
		4556CA842BBEFB12009785E9 /* Debug */ = {
			isa = XCBuildConfiguration;
			buildSettings = {
				ALWAYS_SEARCH_USER_PATHS = NO;
				ASSETCATALOG_COMPILER_GENERATE_SWIFT_ASSET_SYMBOL_EXTENSIONS = YES;
				CLANG_ANALYZER_NONNULL = YES;
				CLANG_ANALYZER_NUMBER_OBJECT_CONVERSION = YES_AGGRESSIVE;
				CLANG_CXX_LANGUAGE_STANDARD = "gnu++20";
				CLANG_ENABLE_MODULES = YES;
				CLANG_ENABLE_OBJC_ARC = YES;
				CLANG_ENABLE_OBJC_WEAK = YES;
				CLANG_WARN_BLOCK_CAPTURE_AUTORELEASING = YES;
				CLANG_WARN_BOOL_CONVERSION = YES;
				CLANG_WARN_COMMA = YES;
				CLANG_WARN_CONSTANT_CONVERSION = YES;
				CLANG_WARN_DEPRECATED_OBJC_IMPLEMENTATIONS = YES;
				CLANG_WARN_DIRECT_OBJC_ISA_USAGE = YES_ERROR;
				CLANG_WARN_DOCUMENTATION_COMMENTS = YES;
				CLANG_WARN_EMPTY_BODY = YES;
				CLANG_WARN_ENUM_CONVERSION = YES;
				CLANG_WARN_INFINITE_RECURSION = YES;
				CLANG_WARN_INT_CONVERSION = YES;
				CLANG_WARN_NON_LITERAL_NULL_CONVERSION = YES;
				CLANG_WARN_OBJC_IMPLICIT_RETAIN_SELF = YES;
				CLANG_WARN_OBJC_LITERAL_CONVERSION = YES;
				CLANG_WARN_OBJC_ROOT_CLASS = YES_ERROR;
				CLANG_WARN_QUOTED_INCLUDE_IN_FRAMEWORK_HEADER = YES;
				CLANG_WARN_RANGE_LOOP_ANALYSIS = YES;
				CLANG_WARN_STRICT_PROTOTYPES = YES;
				CLANG_WARN_SUSPICIOUS_MOVE = YES;
				CLANG_WARN_UNGUARDED_AVAILABILITY = YES_AGGRESSIVE;
				CLANG_WARN_UNREACHABLE_CODE = YES;
				CLANG_WARN__DUPLICATE_METHOD_MATCH = YES;
				COPY_PHASE_STRIP = NO;
				DEBUG_INFORMATION_FORMAT = dwarf;
				ENABLE_STRICT_OBJC_MSGSEND = YES;
				ENABLE_TESTABILITY = YES;
				ENABLE_USER_SCRIPT_SANDBOXING = YES;
				GCC_C_LANGUAGE_STANDARD = gnu17;
				GCC_DYNAMIC_NO_PIC = NO;
				GCC_NO_COMMON_BLOCKS = YES;
				GCC_OPTIMIZATION_LEVEL = 0;
				GCC_PREPROCESSOR_DEFINITIONS = (
					"DEBUG=1",
					"$(inherited)",
				);
				GCC_WARN_64_TO_32_BIT_CONVERSION = YES;
				GCC_WARN_ABOUT_RETURN_TYPE = YES_ERROR;
				GCC_WARN_UNDECLARED_SELECTOR = YES;
				GCC_WARN_UNINITIALIZED_AUTOS = YES_AGGRESSIVE;
				GCC_WARN_UNUSED_FUNCTION = YES;
				GCC_WARN_UNUSED_VARIABLE = YES;
				IPHONEOS_DEPLOYMENT_TARGET = 17.4;
				LOCALIZATION_PREFERS_STRING_CATALOGS = YES;
				MTL_ENABLE_DEBUG_INFO = INCLUDE_SOURCE;
				MTL_FAST_MATH = YES;
				ONLY_ACTIVE_ARCH = YES;
				SDKROOT = iphoneos;
				SWIFT_ACTIVE_COMPILATION_CONDITIONS = "DEBUG $(inherited)";
				SWIFT_OPTIMIZATION_LEVEL = "-Onone";
			};
			name = Debug;
		};
		4556CA852BBEFB12009785E9 /* Release */ = {
			isa = XCBuildConfiguration;
			buildSettings = {
				ALWAYS_SEARCH_USER_PATHS = NO;
				ASSETCATALOG_COMPILER_GENERATE_SWIFT_ASSET_SYMBOL_EXTENSIONS = YES;
				CLANG_ANALYZER_NONNULL = YES;
				CLANG_ANALYZER_NUMBER_OBJECT_CONVERSION = YES_AGGRESSIVE;
				CLANG_CXX_LANGUAGE_STANDARD = "gnu++20";
				CLANG_ENABLE_MODULES = YES;
				CLANG_ENABLE_OBJC_ARC = YES;
				CLANG_ENABLE_OBJC_WEAK = YES;
				CLANG_WARN_BLOCK_CAPTURE_AUTORELEASING = YES;
				CLANG_WARN_BOOL_CONVERSION = YES;
				CLANG_WARN_COMMA = YES;
				CLANG_WARN_CONSTANT_CONVERSION = YES;
				CLANG_WARN_DEPRECATED_OBJC_IMPLEMENTATIONS = YES;
				CLANG_WARN_DIRECT_OBJC_ISA_USAGE = YES_ERROR;
				CLANG_WARN_DOCUMENTATION_COMMENTS = YES;
				CLANG_WARN_EMPTY_BODY = YES;
				CLANG_WARN_ENUM_CONVERSION = YES;
				CLANG_WARN_INFINITE_RECURSION = YES;
				CLANG_WARN_INT_CONVERSION = YES;
				CLANG_WARN_NON_LITERAL_NULL_CONVERSION = YES;
				CLANG_WARN_OBJC_IMPLICIT_RETAIN_SELF = YES;
				CLANG_WARN_OBJC_LITERAL_CONVERSION = YES;
				CLANG_WARN_OBJC_ROOT_CLASS = YES_ERROR;
				CLANG_WARN_QUOTED_INCLUDE_IN_FRAMEWORK_HEADER = YES;
				CLANG_WARN_RANGE_LOOP_ANALYSIS = YES;
				CLANG_WARN_STRICT_PROTOTYPES = YES;
				CLANG_WARN_SUSPICIOUS_MOVE = YES;
				CLANG_WARN_UNGUARDED_AVAILABILITY = YES_AGGRESSIVE;
				CLANG_WARN_UNREACHABLE_CODE = YES;
				CLANG_WARN__DUPLICATE_METHOD_MATCH = YES;
				COPY_PHASE_STRIP = NO;
				DEBUG_INFORMATION_FORMAT = "dwarf-with-dsym";
				ENABLE_NS_ASSERTIONS = NO;
				ENABLE_STRICT_OBJC_MSGSEND = YES;
				ENABLE_USER_SCRIPT_SANDBOXING = YES;
				GCC_C_LANGUAGE_STANDARD = gnu17;
				GCC_NO_COMMON_BLOCKS = YES;
				GCC_WARN_64_TO_32_BIT_CONVERSION = YES;
				GCC_WARN_ABOUT_RETURN_TYPE = YES_ERROR;
				GCC_WARN_UNDECLARED_SELECTOR = YES;
				GCC_WARN_UNINITIALIZED_AUTOS = YES_AGGRESSIVE;
				GCC_WARN_UNUSED_FUNCTION = YES;
				GCC_WARN_UNUSED_VARIABLE = YES;
				IPHONEOS_DEPLOYMENT_TARGET = 17.4;
				LOCALIZATION_PREFERS_STRING_CATALOGS = YES;
				MTL_ENABLE_DEBUG_INFO = NO;
				MTL_FAST_MATH = YES;
				SDKROOT = iphoneos;
				SWIFT_COMPILATION_MODE = wholemodule;
				VALIDATE_PRODUCT = YES;
			};
			name = Release;
		};
		4556CA872BBEFB12009785E9 /* Debug */ = {
			isa = XCBuildConfiguration;
			buildSettings = {
				ASSETCATALOG_COMPILER_APPICON_NAME = AppIcon;
				ASSETCATALOG_COMPILER_GLOBAL_ACCENT_COLOR_NAME = AccentColor;
				CODE_SIGN_STYLE = Automatic;
				CURRENT_PROJECT_VERSION = 1;
				DEVELOPMENT_ASSET_PATHS = "\"Scrumdinger/Preview Content\"";
				DEVELOPMENT_TEAM = 746F3SRK24;
				ENABLE_PREVIEWS = YES;
				GENERATE_INFOPLIST_FILE = YES;
				INFOPLIST_KEY_NSMicrophoneUsageDescription = "Audio is recorded to transcribe the meeting. Audio recordings are discarded after transcription.";
				INFOPLIST_KEY_NSSpeechRecognitionUsageDescription = "You can view a text transcription of your meeting in the app.";
				INFOPLIST_KEY_UIApplicationSceneManifest_Generation = YES;
				INFOPLIST_KEY_UIApplicationSupportsIndirectInputEvents = YES;
				INFOPLIST_KEY_UILaunchScreen_Generation = YES;
				INFOPLIST_KEY_UISupportedInterfaceOrientations_iPad = "UIInterfaceOrientationPortrait UIInterfaceOrientationPortraitUpsideDown UIInterfaceOrientationLandscapeLeft UIInterfaceOrientationLandscapeRight";
				INFOPLIST_KEY_UISupportedInterfaceOrientations_iPhone = "UIInterfaceOrientationPortrait UIInterfaceOrientationLandscapeLeft UIInterfaceOrientationLandscapeRight";
				LD_RUNPATH_SEARCH_PATHS = (
					"$(inherited)",
					"@executable_path/Frameworks",
				);
				MARKETING_VERSION = 1.0;
				PRODUCT_BUNDLE_IDENTIFIER = com.orisraeli.Scrumdinger;
				PRODUCT_NAME = "$(TARGET_NAME)";
				SWIFT_EMIT_LOC_STRINGS = YES;
				SWIFT_VERSION = 5.0;
				TARGETED_DEVICE_FAMILY = "1,2";
			};
			name = Debug;
		};
		4556CA882BBEFB12009785E9 /* Release */ = {
			isa = XCBuildConfiguration;
			buildSettings = {
				ASSETCATALOG_COMPILER_APPICON_NAME = AppIcon;
				ASSETCATALOG_COMPILER_GLOBAL_ACCENT_COLOR_NAME = AccentColor;
				CODE_SIGN_STYLE = Automatic;
				CURRENT_PROJECT_VERSION = 1;
				DEVELOPMENT_ASSET_PATHS = "\"Scrumdinger/Preview Content\"";
				DEVELOPMENT_TEAM = 746F3SRK24;
				ENABLE_PREVIEWS = YES;
				GENERATE_INFOPLIST_FILE = YES;
				INFOPLIST_KEY_NSMicrophoneUsageDescription = "Audio is recorded to transcribe the meeting. Audio recordings are discarded after transcription.";
				INFOPLIST_KEY_NSSpeechRecognitionUsageDescription = "You can view a text transcription of your meeting in the app.";
				INFOPLIST_KEY_UIApplicationSceneManifest_Generation = YES;
				INFOPLIST_KEY_UIApplicationSupportsIndirectInputEvents = YES;
				INFOPLIST_KEY_UILaunchScreen_Generation = YES;
				INFOPLIST_KEY_UISupportedInterfaceOrientations_iPad = "UIInterfaceOrientationPortrait UIInterfaceOrientationPortraitUpsideDown UIInterfaceOrientationLandscapeLeft UIInterfaceOrientationLandscapeRight";
				INFOPLIST_KEY_UISupportedInterfaceOrientations_iPhone = "UIInterfaceOrientationPortrait UIInterfaceOrientationLandscapeLeft UIInterfaceOrientationLandscapeRight";
				LD_RUNPATH_SEARCH_PATHS = (
					"$(inherited)",
					"@executable_path/Frameworks",
				);
				MARKETING_VERSION = 1.0;
				PRODUCT_BUNDLE_IDENTIFIER = com.orisraeli.Scrumdinger;
				PRODUCT_NAME = "$(TARGET_NAME)";
				SWIFT_EMIT_LOC_STRINGS = YES;
				SWIFT_VERSION = 5.0;
				TARGETED_DEVICE_FAMILY = "1,2";
			};
			name = Release;
		};
/* End XCBuildConfiguration section */

/* Begin XCConfigurationList section */
		4556CA732BBEFB11009785E9 /* Build configuration list for PBXProject "Scrumdinger" */ = {
			isa = XCConfigurationList;
			buildConfigurations = (
				4556CA842BBEFB12009785E9 /* Debug */,
				4556CA852BBEFB12009785E9 /* Release */,
			);
			defaultConfigurationIsVisible = 0;
			defaultConfigurationName = Release;
		};
		4556CA862BBEFB12009785E9 /* Build configuration list for PBXNativeTarget "Scrumdinger" */ = {
			isa = XCConfigurationList;
			buildConfigurations = (
				4556CA872BBEFB12009785E9 /* Debug */,
				4556CA882BBEFB12009785E9 /* Release */,
			);
			defaultConfigurationIsVisible = 0;
			defaultConfigurationName = Release;
		};
/* End XCConfigurationList section */
	};
	rootObject = 4556CA702BBEFB11009785E9 /* Project object */;
}
